
Microsoft Visual Studio Solution File, Format Version 12.00
# Visual Studio Version 16
VisualStudioVersion = 16.0.30011.22
MinimumVisualStudioVersion = 10.0.40219.1
Project("{FAE04EC0-301F-11D3-BF4B-00C04F79EFBC}") = "ConsoleApp", "ConsoleApp\ConsoleApp.csproj", "{ACCA09BB-FA26-4965-A53E-4DC1812AB596}"
EndProject
Project("{FAE04EC0-301F-11D3-BF4B-00C04F79EFBC}") = "DataClassLibrary", "DataClassLibrary\DataClassLibrary.csproj", "{39A115F7-4448-46B4-B4BA-33DEACD27055}"
EndProject
Global
	GlobalSection(SolutionConfigurationPlatforms) = preSolution
		Debug|Any CPU = Debug|Any CPU
		Release|Any CPU = Release|Any CPU
	EndGlobalSection
	GlobalSection(ProjectConfigurationPlatforms) = postSolution
		{ACCA09BB-FA26-4965-A53E-4DC1812AB596}.Debug|Any CPU.ActiveCfg = Debug|Any CPU
		{ACCA09BB-FA26-4965-A53E-4DC1812AB596}.Debug|Any CPU.Build.0 = Debug|Any CPU
		{ACCA09BB-FA26-4965-A53E-4DC1812AB596}.Release|Any CPU.ActiveCfg = Release|Any CPU
		{ACCA09BB-FA26-4965-A53E-4DC1812AB596}.Release|Any CPU.Build.0 = Release|Any CPU
		{39A115F7-4448-46B4-B4BA-33DEACD27055}.Debug|Any CPU.ActiveCfg = Debug|Any CPU
		{39A115F7-4448-46B4-B4BA-33DEACD27055}.Debug|Any CPU.Build.0 = Debug|Any CPU
		{39A115F7-4448-46B4-B4BA-33DEACD27055}.Release|Any CPU.ActiveCfg = Release|Any CPU
		{39A115F7-4448-46B4-B4BA-33DEACD27055}.Release|Any CPU.Build.0 = Release|Any CPU
	EndGlobalSection
	GlobalSection(SolutionProperties) = preSolution
		HideSolutionNode = FALSE
	EndGlobalSection
	GlobalSection(ExtensibilityGlobals) = postSolution
		SolutionGuid = {B003C28B-04FD-48FC-BECD-14FEE007DD36}
	EndGlobalSection
EndGlobal
